
Microsoft Visual Studio Solution File, Format Version 12.00
# Visual Studio 14
VisualStudioVersion = 14.0.24720.0
MinimumVisualStudioVersion = 10.0.40219.1
Project("{E24C65DC-7377-472B-9ABA-BC803B73C61A}") = "ManagerCenter_v1", ".", "{1224B247-A28A-4E1D-A637-0655F88220AB}"
	ProjectSection(WebsiteProperties) = preProject
		TargetFrameworkMoniker = ".NETFramework,Version%3Dv4.5"
		ProjectReferences = "{58256049-413a-4044-99c6-4730b71568c4}|BLL.dll;{95BB6DF1-3EDF-432F-BF30-0BCF9FB0EDF5}|DAL.dll;"
		Debug.AspNetCompiler.VirtualPath = "/localhost_2841"
		Debug.AspNetCompiler.PhysicalPath = "..\ManagerCenter_v1\"
		Debug.AspNetCompiler.TargetPath = "PrecompiledWeb\localhost_2841\"
		Debug.AspNetCompiler.Updateable = "true"
		Debug.AspNetCompiler.ForceOverwrite = "true"
		Debug.AspNetCompiler.FixedNames = "false"
		Debug.AspNetCompiler.Debug = "True"
		Release.AspNetCompiler.VirtualPath = "/localhost_2841"
		Release.AspNetCompiler.PhysicalPath = "..\ManagerCenter_v1\"
		Release.AspNetCompiler.TargetPath = "PrecompiledWeb\localhost_2841\"
		Release.AspNetCompiler.Updateable = "true"
		Release.AspNetCompiler.ForceOverwrite = "true"
		Release.AspNetCompiler.FixedNames = "false"
		Release.AspNetCompiler.Debug = "False"
		VWDPort = "2841"
		SlnRelativePath = "..\ManagerCenter_v1\"
	EndProjectSection
EndProject
Project("{FAE04EC0-301F-11D3-BF4B-00C04F79EFBC}") = "DAL", "DAL\DAL.csproj", "{95BB6DF1-3EDF-432F-BF30-0BCF9FB0EDF5}"
EndProject
Project("{FAE04EC0-301F-11D3-BF4B-00C04F79EFBC}") = "BLL", "BLL\BLL.csproj", "{58256049-413A-4044-99C6-4730B71568C4}"
EndProject
Global
	GlobalSection(SolutionConfigurationPlatforms) = preSolution
		Debug|Any CPU = Debug|Any CPU
		Release|Any CPU = Release|Any CPU
	EndGlobalSection
	GlobalSection(ProjectConfigurationPlatforms) = postSolution
		{1224B247-A28A-4E1D-A637-0655F88220AB}.Debug|Any CPU.ActiveCfg = Debug|Any CPU
		{1224B247-A28A-4E1D-A637-0655F88220AB}.Debug|Any CPU.Build.0 = Debug|Any CPU
		{1224B247-A28A-4E1D-A637-0655F88220AB}.Release|Any CPU.ActiveCfg = Debug|Any CPU
		{1224B247-A28A-4E1D-A637-0655F88220AB}.Release|Any CPU.Build.0 = Debug|Any CPU
		{95BB6DF1-3EDF-432F-BF30-0BCF9FB0EDF5}.Debug|Any CPU.ActiveCfg = Debug|Any CPU
		{95BB6DF1-3EDF-432F-BF30-0BCF9FB0EDF5}.Debug|Any CPU.Build.0 = Debug|Any CPU
		{95BB6DF1-3EDF-432F-BF30-0BCF9FB0EDF5}.Release|Any CPU.ActiveCfg = Release|Any CPU
		{95BB6DF1-3EDF-432F-BF30-0BCF9FB0EDF5}.Release|Any CPU.Build.0 = Release|Any CPU
		{58256049-413A-4044-99C6-4730B71568C4}.Debug|Any CPU.ActiveCfg = Debug|Any CPU
		{58256049-413A-4044-99C6-4730B71568C4}.Debug|Any CPU.Build.0 = Debug|Any CPU
		{58256049-413A-4044-99C6-4730B71568C4}.Release|Any CPU.ActiveCfg = Release|Any CPU
		{58256049-413A-4044-99C6-4730B71568C4}.Release|Any CPU.Build.0 = Release|Any CPU
	EndGlobalSection
	GlobalSection(SolutionProperties) = preSolution
		HideSolutionNode = FALSE
	EndGlobalSection
EndGlobal
